{
  "name": "tree-sitter-mediawiki",
  "version": "0.0.1",
  "lockfileVersion": 2,
  "requires": true,
  "packages": {
    "": {
      "name": "tree-sitter-mediawiki",
      "version": "0.0.1",
      "license": "MIT",
      "dependencies": {
        "nan": "^2.16.0",
        "tree-sitter-html": "^0.19.0"
      }
    },
    "node_modules/nan": {
      "version": "2.16.0",
      "resolved": "https://registry.npmjs.org/nan/-/nan-2.16.0.tgz",
      "integrity": "sha512-UdAqHyFngu7TfQKsCBgAA6pWDkT8MAO7d0jyOecVhN5354xbLqdn8mV9Tat9gepAupm0bt2DbeaSC8vS52MuFA=="
    },
    "node_modules/tree-sitter-html": {
      "version": "0.19.0",
      "resolved": "https://registry.npmjs.org/tree-sitter-html/-/tree-sitter-html-0.19.0.tgz",
      "integrity": "sha512-xH6XGSBWzb4oU/aG6gouMRQKsd96iKuy0zboUqo3wcIWrA++q9a7CmQTSeIINiSfOXjT2ZLJciXFDgAh6h04Bw==",
      "hasInstallScript": true,
      "dependencies": {
        "nan": "^2.14.0"
      }
    }
  },
  "dependencies": {
    "nan": {
      "version": "2.16.0",
      "resolved": "https://registry.npmjs.org/nan/-/nan-2.16.0.tgz",
      "integrity": "sha512-UdAqHyFngu7TfQKsCBgAA6pWDkT8MAO7d0jyOecVhN5354xbLqdn8mV9Tat9gepAupm0bt2DbeaSC8vS52MuFA=="
    },
    "tree-sitter-html": {
      "version": "0.19.0",
      "resolved": "https://registry.npmjs.org/tree-sitter-html/-/tree-sitter-html-0.19.0.tgz",
      "integrity": "sha512-xH6XGSBWzb4oU/aG6gouMRQKsd96iKuy0zboUqo3wcIWrA++q9a7CmQTSeIINiSfOXjT2ZLJciXFDgAh6h04Bw==",
      "requires": {
        "nan": "^2.14.0"
      }
    }
  }
}
